Microsoft Visual Studio Solution File, Format Version 12.00
# Visual Studio Version 17
VisualStudioVersion = 17.5.2.0
MinimumVisualStudioVersion = 10.0.40219.1
Project("{2150E333-8FDC-42A3-9474-1A3956D46DE8}") = "ci-test", "ci-test", "{7E6B13C8-131D-9166-178B-867582C7507D}"
EndProject
Project("{FAE04EC0-301F-11D3-BF4B-00C04F79EFBC}") = "PackageBuilder", "ci-test\PackageBuilder\PackageBuilder.csproj", "{6586946B-596C-4692-B1E1-2B9AAEF43E1C}"
EndProject
Global
	GlobalSection(SolutionConfigurationPlatforms) = preSolution
		Debug|Any CPU = Debug|Any CPU
		Release|Any CPU = Release|Any CPU
	EndGlobalSection
	GlobalSection(ProjectConfigurationPlatforms) = postSolution
		{6586946B-596C-4692-B1E1-2B9AAEF43E1C}.Debug|Any CPU.ActiveCfg = Debug|Any CPU
		{6586946B-596C-4692-B1E1-2B9AAEF43E1C}.Debug|Any CPU.Build.0 = Debug|Any CPU
		{6586946B-596C-4692-B1E1-2B9AAEF43E1C}.Release|Any CPU.ActiveCfg = Release|Any CPU
		{6586946B-596C-4692-B1E1-2B9AAEF43E1C}.Release|Any CPU.Build.0 = Release|Any CPU
	EndGlobalSection
	GlobalSection(SolutionProperties) = preSolution
		HideSolutionNode = FALSE
	EndGlobalSection
	GlobalSection(NestedProjects) = preSolution
		{6586946B-596C-4692-B1E1-2B9AAEF43E1C} = {7E6B13C8-131D-9166-178B-867582C7507D}
	EndGlobalSection
	GlobalSection(ExtensibilityGlobals) = postSolution
		SolutionGuid = {7A23FB86-B035-40A6-85FC-2198D54F3EFF}
	EndGlobalSection
EndGlobal
